
Microsoft Visual Studio Solution File, Format Version 12.00
# Visual Studio 2013
VisualStudioVersion = 12.0.30723.0
MinimumVisualStudioVersion = 10.0.40219.1
Project("{FAE04EC0-301F-11D3-BF4B-00C04F79EFBC}") = "Addition of 2 numbers", "Addition of 2 numbers\Addition of 2 numbers.csproj", "{6B6E9A13-7D8A-4CA1-852F-F307316C7365}"
EndProject
Global
	GlobalSection(SolutionConfigurationPlatforms) = preSolution
		Debug|Any CPU = Debug|Any CPU
		Release|Any CPU = Release|Any CPU
	EndGlobalSection
	GlobalSection(ProjectConfigurationPlatforms) = postSolution
		{6B6E9A13-7D8A-4CA1-852F-F307316C7365}.Debug|Any CPU.ActiveCfg = Debug|Any CPU
		{6B6E9A13-7D8A-4CA1-852F-F307316C7365}.Debug|Any CPU.Build.0 = Debug|Any CPU
		{6B6E9A13-7D8A-4CA1-852F-F307316C7365}.Release|Any CPU.ActiveCfg = Release|Any CPU
		{6B6E9A13-7D8A-4CA1-852F-F307316C7365}.Release|Any CPU.Build.0 = Release|Any CPU
	EndGlobalSection
	GlobalSection(SolutionProperties) = preSolution
		HideSolutionNode = FALSE
	EndGlobalSection
EndGlobal
